
Microsoft Visual Studio Solution File, Format Version 12.00
# Visual Studio Version 17
VisualStudioVersion = 17.6.33801.468
MinimumVisualStudioVersion = 10.0.40219.1
Project("{FAE04EC0-301F-11D3-BF4B-00C04F79EFBC}") = "Stock.Presentation", "Stock.Presentation\Stock.Presentation.csproj", "{D2CF7F23-36FA-4C80-A56C-D7A337DC994D}"
EndProject
Project("{FAE04EC0-301F-11D3-BF4B-00C04F79EFBC}") = "Stock.Application", "Stock.Application\Stock.Application.csproj", "{04A1F038-23F3-4A63-A830-E1B2BECB8F32}"
EndProject
Project("{FAE04EC0-301F-11D3-BF4B-00C04F79EFBC}") = "Srock.Domain", "Srock.Domain\Srock.Domain.csproj", "{B4A5E106-7129-477A-A1DD-F46EA9D7900C}"
EndProject
Project("{FAE04EC0-301F-11D3-BF4B-00C04F79EFBC}") = "Stock.Infrastructure", "Stock.Infrastructure\Stock.Infrastructure.csproj", "{6EB3E47A-3AEE-4331-B4FC-E0CAC5E44A1D}"
EndProject
Global
	GlobalSection(SolutionConfigurationPlatforms) = preSolution
		Debug|Any CPU = Debug|Any CPU
		Release|Any CPU = Release|Any CPU
	EndGlobalSection
	GlobalSection(ProjectConfigurationPlatforms) = postSolution
		{D2CF7F23-36FA-4C80-A56C-D7A337DC994D}.Debug|Any CPU.ActiveCfg = Debug|Any CPU
		{D2CF7F23-36FA-4C80-A56C-D7A337DC994D}.Debug|Any CPU.Build.0 = Debug|Any CPU
		{D2CF7F23-36FA-4C80-A56C-D7A337DC994D}.Release|Any CPU.ActiveCfg = Release|Any CPU
		{D2CF7F23-36FA-4C80-A56C-D7A337DC994D}.Release|Any CPU.Build.0 = Release|Any CPU
		{04A1F038-23F3-4A63-A830-E1B2BECB8F32}.Debug|Any CPU.ActiveCfg = Debug|Any CPU
		{04A1F038-23F3-4A63-A830-E1B2BECB8F32}.Debug|Any CPU.Build.0 = Debug|Any CPU
		{04A1F038-23F3-4A63-A830-E1B2BECB8F32}.Release|Any CPU.ActiveCfg = Release|Any CPU
		{04A1F038-23F3-4A63-A830-E1B2BECB8F32}.Release|Any CPU.Build.0 = Release|Any CPU
		{B4A5E106-7129-477A-A1DD-F46EA9D7900C}.Debug|Any CPU.ActiveCfg = Debug|Any CPU
		{B4A5E106-7129-477A-A1DD-F46EA9D7900C}.Debug|Any CPU.Build.0 = Debug|Any CPU
		{B4A5E106-7129-477A-A1DD-F46EA9D7900C}.Release|Any CPU.ActiveCfg = Release|Any CPU
		{B4A5E106-7129-477A-A1DD-F46EA9D7900C}.Release|Any CPU.Build.0 = Release|Any CPU
		{6EB3E47A-3AEE-4331-B4FC-E0CAC5E44A1D}.Debug|Any CPU.ActiveCfg = Debug|Any CPU
		{6EB3E47A-3AEE-4331-B4FC-E0CAC5E44A1D}.Debug|Any CPU.Build.0 = Debug|Any CPU
		{6EB3E47A-3AEE-4331-B4FC-E0CAC5E44A1D}.Release|Any CPU.ActiveCfg = Release|Any CPU
		{6EB3E47A-3AEE-4331-B4FC-E0CAC5E44A1D}.Release|Any CPU.Build.0 = Release|Any CPU
	EndGlobalSection
	GlobalSection(SolutionProperties) = preSolution
		HideSolutionNode = FALSE
	EndGlobalSection
	GlobalSection(ExtensibilityGlobals) = postSolution
		SolutionGuid = {7B72E48D-8303-4A6E-9B43-723FB3E05EC6}
	EndGlobalSection
EndGlobal
